// !$*UTF8*$!
{
	archiveVersion = 1;
	classes = {
	};
	objectVersion = 77;
	objects = {

/* Begin PBXBuildFile section */
		943BC02C2CEA876900F040A6 /* WidgetKit.framework in Frameworks */ = {isa = PBXBuildFile; fileRef = 943BC02B2CEA876900F040A6 /* WidgetKit.framework */; };
		943BC02E2CEA876900F040A6 /* SwiftUI.framework in Frameworks */ = {isa = PBXBuildFile; fileRef = 943BC02D2CEA876900F040A6 /* SwiftUI.framework */; };
		943BC0372CEA876A00F040A6 /* Complication.appex in Embed Foundation Extensions */ = {isa = PBXBuildFile; fileRef = 943BC0292CEA876900F040A6 /* Complication.appex */; settings = {ATTRIBUTES = (RemoveHeadersOnCopy, ); }; };
		943BC04D2CEAA64C00F040A6 /* Common in Frameworks */ = {isa = PBXBuildFile; productRef = 943BC04C2CEAA64C00F040A6 /* Common */; };
		943BC04F2CEAA66F00F040A6 /* Common in Frameworks */ = {isa = PBXBuildFile; productRef = 943BC04E2CEAA66F00F040A6 /* Common */; };
		945F77A62CE9ED4C00FD5EEF /* Control in Frameworks */ = {isa = PBXBuildFile; productRef = 945F77A52CE9ED4C00FD5EEF /* Control */; };
		945F77A82CE9ED4C00FD5EEF /* Controllers in Frameworks */ = {isa = PBXBuildFile; productRef = 945F77A72CE9ED4C00FD5EEF /* Controllers */; };
		94AA2C7D2CE8FD2F00B0549C /* Magic Tap Watch App.app in Embed Watch Content */ = {isa = PBXBuildFile; fileRef = 94AA2C7C2CE8FD2F00B0549C /* Magic Tap Watch App.app */; settings = {ATTRIBUTES = (RemoveHeadersOnCopy, ); }; };
/* End PBXBuildFile section */

/* Begin PBXContainerItemProxy section */
		943BC0352CEA876A00F040A6 /* PBXContainerItemProxy */ = {
			isa = PBXContainerItemProxy;
			containerPortal = 94AA2C642CE8FD2D00B0549C /* Project object */;
			proxyType = 1;
			remoteGlobalIDString = 943BC0282CEA876900F040A6;
			remoteInfo = ComplicationExtension;
		};
		94AA2C7E2CE8FD2F00B0549C /* PBXContainerItemProxy */ = {
			isa = PBXContainerItemProxy;
			containerPortal = 94AA2C642CE8FD2D00B0549C /* Project object */;
			proxyType = 1;
			remoteGlobalIDString = 94AA2C7B2CE8FD2F00B0549C;
			remoteInfo = "Tapper Watch App";
		};
/* End PBXContainerItemProxy section */

/* Begin PBXCopyFilesBuildPhase section */
		941D7E7A2CE919C8001AA387 /* Embed Frameworks */ = {
			isa = PBXCopyFilesBuildPhase;
			buildActionMask = 2147483647;
			dstPath = "";
			dstSubfolderSpec = 10;
			files = (
			);
			name = "Embed Frameworks";
			runOnlyForDeploymentPostprocessing = 0;
		};
		941D7E7F2CE919D2001AA387 /* Embed Frameworks */ = {
			isa = PBXCopyFilesBuildPhase;
			buildActionMask = 2147483647;
			dstPath = "";
			dstSubfolderSpec = 10;
			files = (
			);
			name = "Embed Frameworks";
			runOnlyForDeploymentPostprocessing = 0;
		};
		943BC0382CEA876A00F040A6 /* Embed Foundation Extensions */ = {
			isa = PBXCopyFilesBuildPhase;
			buildActionMask = 2147483647;
			dstPath = "";
			dstSubfolderSpec = 13;
			files = (
				943BC0372CEA876A00F040A6 /* Complication.appex in Embed Foundation Extensions */,
			);
			name = "Embed Foundation Extensions";
			runOnlyForDeploymentPostprocessing = 0;
		};
		94AA2C8F2CE8FD3000B0549C /* Embed Watch Content */ = {
			isa = PBXCopyFilesBuildPhase;
			buildActionMask = 2147483647;
			dstPath = "$(CONTENTS_FOLDER_PATH)/Watch";
			dstSubfolderSpec = 16;
			files = (
				94AA2C7D2CE8FD2F00B0549C /* Magic Tap Watch App.app in Embed Watch Content */,
			);
			name = "Embed Watch Content";
			runOnlyForDeploymentPostprocessing = 0;
		};
/* End PBXCopyFilesBuildPhase section */

/* Begin PBXFileReference section */
		943BC0292CEA876900F040A6 /* Complication.appex */ = {isa = PBXFileReference; explicitFileType = "wrapper.app-extension"; includeInIndex = 0; path = Complication.appex; sourceTree = BUILT_PRODUCTS_DIR; };
		943BC02B2CEA876900F040A6 /* WidgetKit.framework */ = {isa = PBXFileReference; lastKnownFileType = wrapper.framework; name = WidgetKit.framework; path = System/Library/Frameworks/WidgetKit.framework; sourceTree = SDKROOT; };
		943BC02D2CEA876900F040A6 /* SwiftUI.framework */ = {isa = PBXFileReference; lastKnownFileType = wrapper.framework; name = SwiftUI.framework; path = System/Library/Frameworks/SwiftUI.framework; sourceTree = SDKROOT; };
		94AA2C6C2CE8FD2D00B0549C /* Magic Tap.app */ = {isa = PBXFileReference; explicitFileType = wrapper.application; includeInIndex = 0; path = "Magic Tap.app"; sourceTree = BUILT_PRODUCTS_DIR; };
		94AA2C7C2CE8FD2F00B0549C /* Magic Tap Watch App.app */ = {isa = PBXFileReference; explicitFileType = wrapper.application; includeInIndex = 0; path = "Magic Tap Watch App.app"; sourceTree = BUILT_PRODUCTS_DIR; };
/* End PBXFileReference section */

/* Begin PBXFileSystemSynchronizedBuildFileExceptionSet section */
		943BC03B2CEA876A00F040A6 /* Exceptions for "Complication" folder in "Complication" target */ = {
			isa = PBXFileSystemSynchronizedBuildFileExceptionSet;
			membershipExceptions = (
				Info.plist,
			);
			target = 943BC0282CEA876900F040A6 /* Complication */;
		};
		943BC0442CEA99B100F040A6 /* Exceptions for "Phone App" folder in "Magic Tap Watch App" target */ = {
			isa = PBXFileSystemSynchronizedBuildFileExceptionSet;
			membershipExceptions = (
				PrivacyInfo.xcprivacy,
			);
			target = 94AA2C7B2CE8FD2F00B0549C /* Magic Tap Watch App */;
		};
		943BC0452CEA99B100F040A6 /* Exceptions for "Phone App" folder in "Complication" target */ = {
			isa = PBXFileSystemSynchronizedBuildFileExceptionSet;
			membershipExceptions = (
				PrivacyInfo.xcprivacy,
			);
			target = 943BC0282CEA876900F040A6 /* Complication */;
		};
/* End PBXFileSystemSynchronizedBuildFileExceptionSet section */

/* Begin PBXFileSystemSynchronizedRootGroup section */
		943BC02F2CEA876900F040A6 /* Complication */ = {
			isa = PBXFileSystemSynchronizedRootGroup;
			exceptions = (
				943BC03B2CEA876A00F040A6 /* Exceptions for "Complication" folder in "Complication" target */,
			);
			path = Complication;
			sourceTree = "<group>";
		};
		94AA2C6E2CE8FD2D00B0549C /* Phone App */ = {
			isa = PBXFileSystemSynchronizedRootGroup;
			exceptions = (
				943BC0442CEA99B100F040A6 /* Exceptions for "Phone App" folder in "Magic Tap Watch App" target */,
				943BC0452CEA99B100F040A6 /* Exceptions for "Phone App" folder in "Complication" target */,
			);
			path = "Phone App";
			sourceTree = "<group>";
		};
		94AA2C802CE8FD2F00B0549C /* Watch App */ = {
			isa = PBXFileSystemSynchronizedRootGroup;
			path = "Watch App";
			sourceTree = "<group>";
		};
/* End PBXFileSystemSynchronizedRootGroup section */

/* Begin PBXFrameworksBuildPhase section */
		943BC0262CEA876900F040A6 /* Frameworks */ = {
			isa = PBXFrameworksBuildPhase;
			buildActionMask = 2147483647;
			files = (
				943BC02E2CEA876900F040A6 /* SwiftUI.framework in Frameworks */,
				943BC02C2CEA876900F040A6 /* WidgetKit.framework in Frameworks */,
			);
			runOnlyForDeploymentPostprocessing = 0;
		};
		94AA2C692CE8FD2D00B0549C /* Frameworks */ = {
			isa = PBXFrameworksBuildPhase;
			buildActionMask = 2147483647;
			files = (
				945F77A62CE9ED4C00FD5EEF /* Control in Frameworks */,
				945F77A82CE9ED4C00FD5EEF /* Controllers in Frameworks */,
				943BC04D2CEAA64C00F040A6 /* Common in Frameworks */,
			);
			runOnlyForDeploymentPostprocessing = 0;
		};
		94AA2C792CE8FD2F00B0549C /* Frameworks */ = {
			isa = PBXFrameworksBuildPhase;
			buildActionMask = 2147483647;
			files = (
				943BC04F2CEAA66F00F040A6 /* Common in Frameworks */,
			);
			runOnlyForDeploymentPostprocessing = 0;
		};
/* End PBXFrameworksBuildPhase section */

/* Begin PBXGroup section */
		943BC02A2CEA876900F040A6 /* Frameworks */ = {
			isa = PBXGroup;
			children = (
				943BC02B2CEA876900F040A6 /* WidgetKit.framework */,
				943BC02D2CEA876900F040A6 /* SwiftUI.framework */,
			);
			name = Frameworks;
			sourceTree = "<group>";
		};
		94AA2C632CE8FD2D00B0549C = {
			isa = PBXGroup;
			children = (
				94AA2C6E2CE8FD2D00B0549C /* Phone App */,
				94AA2C802CE8FD2F00B0549C /* Watch App */,
				943BC02F2CEA876900F040A6 /* Complication */,
				943BC02A2CEA876900F040A6 /* Frameworks */,
				94AA2C6D2CE8FD2D00B0549C /* Products */,
			);
			sourceTree = "<group>";
		};
		94AA2C6D2CE8FD2D00B0549C /* Products */ = {
			isa = PBXGroup;
			children = (
				94AA2C6C2CE8FD2D00B0549C /* Magic Tap.app */,
				94AA2C7C2CE8FD2F00B0549C /* Magic Tap Watch App.app */,
				943BC0292CEA876900F040A6 /* Complication.appex */,
			);
			name = Products;
			sourceTree = "<group>";
		};
/* End PBXGroup section */

/* Begin PBXNativeTarget section */
		943BC0282CEA876900F040A6 /* Complication */ = {
			isa = PBXNativeTarget;
			buildConfigurationList = 943BC03C2CEA876A00F040A6 /* Build configuration list for PBXNativeTarget "Complication" */;
			buildPhases = (
				943BC0252CEA876900F040A6 /* Sources */,
				943BC0262CEA876900F040A6 /* Frameworks */,
				943BC0272CEA876900F040A6 /* Resources */,
			);
			buildRules = (
			);
			dependencies = (
			);
			fileSystemSynchronizedGroups = (
				943BC02F2CEA876900F040A6 /* Complication */,
			);
			name = Complication;
			packageProductDependencies = (
			);
			productName = ComplicationExtension;
			productReference = 943BC0292CEA876900F040A6 /* Complication.appex */;
			productType = "com.apple.product-type.app-extension";
		};
		94AA2C6B2CE8FD2D00B0549C /* Magic Tap */ = {
			isa = PBXNativeTarget;
			buildConfigurationList = 94AA2C902CE8FD3000B0549C /* Build configuration list for PBXNativeTarget "Magic Tap" */;
			buildPhases = (
				94AA2C682CE8FD2D00B0549C /* Sources */,
				94AA2C692CE8FD2D00B0549C /* Frameworks */,
				94AA2C6A2CE8FD2D00B0549C /* Resources */,
				94AA2C8F2CE8FD3000B0549C /* Embed Watch Content */,
				941D7E7A2CE919C8001AA387 /* Embed Frameworks */,
			);
			buildRules = (
			);
			dependencies = (
				94AA2C7F2CE8FD2F00B0549C /* PBXTargetDependency */,
			);
			fileSystemSynchronizedGroups = (
				94AA2C6E2CE8FD2D00B0549C /* Phone App */,
			);
			name = "Magic Tap";
			packageProductDependencies = (
				945F77A52CE9ED4C00FD5EEF /* Control */,
				945F77A72CE9ED4C00FD5EEF /* Controllers */,
				943BC04C2CEAA64C00F040A6 /* Common */,
			);
			productName = Tapper;
			productReference = 94AA2C6C2CE8FD2D00B0549C /* Magic Tap.app */;
			productType = "com.apple.product-type.application";
		};
		94AA2C7B2CE8FD2F00B0549C /* Magic Tap Watch App */ = {
			isa = PBXNativeTarget;
			buildConfigurationList = 94AA2C8C2CE8FD3000B0549C /* Build configuration list for PBXNativeTarget "Magic Tap Watch App" */;
			buildPhases = (
				94AA2C782CE8FD2F00B0549C /* Sources */,
				94AA2C792CE8FD2F00B0549C /* Frameworks */,
				94AA2C7A2CE8FD2F00B0549C /* Resources */,
				941D7E7F2CE919D2001AA387 /* Embed Frameworks */,
				943BC0382CEA876A00F040A6 /* Embed Foundation Extensions */,
			);
			buildRules = (
			);
			dependencies = (
				943BC0362CEA876A00F040A6 /* PBXTargetDependency */,
			);
			fileSystemSynchronizedGroups = (
				94AA2C802CE8FD2F00B0549C /* Watch App */,
			);
			name = "Magic Tap Watch App";
			packageProductDependencies = (
				943BC04E2CEAA66F00F040A6 /* Common */,
			);
			productName = "Tapper Watch App";
			productReference = 94AA2C7C2CE8FD2F00B0549C /* Magic Tap Watch App.app */;
			productType = "com.apple.product-type.application";
		};
/* End PBXNativeTarget section */

/* Begin PBXProject section */
		94AA2C642CE8FD2D00B0549C /* Project object */ = {
			isa = PBXProject;
			attributes = {
				BuildIndependentTargetsInParallel = 1;
				LastSwiftUpdateCheck = 1600;
				LastUpgradeCheck = 1600;
				TargetAttributes = {
					943BC0282CEA876900F040A6 = {
						CreatedOnToolsVersion = 16.0;
					};
					94AA2C6B2CE8FD2D00B0549C = {
						CreatedOnToolsVersion = 16.0;
					};
					94AA2C7B2CE8FD2F00B0549C = {
						CreatedOnToolsVersion = 16.0;
					};
				};
			};
			buildConfigurationList = 94AA2C672CE8FD2D00B0549C /* Build configuration list for PBXProject "Magic Tap" */;
			developmentRegion = en;
			hasScannedForEncodings = 0;
			knownRegions = (
				en,
				Base,
			);
			mainGroup = 94AA2C632CE8FD2D00B0549C;
			minimizedProjectReferenceProxies = 1;
			packageReferences = (
				945F77A42CE9ED4C00FD5EEF /* XCRemoteSwiftPackageReference "ControlKit" */,
				943BC04B2CEAA64C00F040A6 /* XCLocalSwiftPackageReference "Common" */,
			);
			preferredProjectObjectVersion = 77;
			productRefGroup = 94AA2C6D2CE8FD2D00B0549C /* Products */;
			projectDirPath = "";
			projectRoot = "";
			targets = (
				94AA2C6B2CE8FD2D00B0549C /* Magic Tap */,
				94AA2C7B2CE8FD2F00B0549C /* Magic Tap Watch App */,
				943BC0282CEA876900F040A6 /* Complication */,
			);
		};
/* End PBXProject section */

/* Begin PBXResourcesBuildPhase section */
		943BC0272CEA876900F040A6 /* Resources */ = {
			isa = PBXResourcesBuildPhase;
			buildActionMask = 2147483647;
			files = (
			);
			runOnlyForDeploymentPostprocessing = 0;
		};
		94AA2C6A2CE8FD2D00B0549C /* Resources */ = {
			isa = PBXResourcesBuildPhase;
			buildActionMask = 2147483647;
			files = (
			);
			runOnlyForDeploymentPostprocessing = 0;
		};
		94AA2C7A2CE8FD2F00B0549C /* Resources */ = {
			isa = PBXResourcesBuildPhase;
			buildActionMask = 2147483647;
			files = (
			);
			runOnlyForDeploymentPostprocessing = 0;
		};
/* End PBXResourcesBuildPhase section */

/* Begin PBXSourcesBuildPhase section */
		943BC0252CEA876900F040A6 /* Sources */ = {
			isa = PBXSourcesBuildPhase;
			buildActionMask = 2147483647;
			files = (
			);
			runOnlyForDeploymentPostprocessing = 0;
		};
		94AA2C682CE8FD2D00B0549C /* Sources */ = {
			isa = PBXSourcesBuildPhase;
			buildActionMask = 2147483647;
			files = (
			);
			runOnlyForDeploymentPostprocessing = 0;
		};
		94AA2C782CE8FD2F00B0549C /* Sources */ = {
			isa = PBXSourcesBuildPhase;
			buildActionMask = 2147483647;
			files = (
			);
			runOnlyForDeploymentPostprocessing = 0;
		};
/* End PBXSourcesBuildPhase section */

/* Begin PBXTargetDependency section */
		943BC0362CEA876A00F040A6 /* PBXTargetDependency */ = {
			isa = PBXTargetDependency;
			target = 943BC0282CEA876900F040A6 /* Complication */;
			targetProxy = 943BC0352CEA876A00F040A6 /* PBXContainerItemProxy */;
		};
		94AA2C7F2CE8FD2F00B0549C /* PBXTargetDependency */ = {
			isa = PBXTargetDependency;
			target = 94AA2C7B2CE8FD2F00B0549C /* Magic Tap Watch App */;
			targetProxy = 94AA2C7E2CE8FD2F00B0549C /* PBXContainerItemProxy */;
		};
/* End PBXTargetDependency section */

/* Begin XCBuildConfiguration section */
		943BC0392CEA876A00F040A6 /* Debug */ = {
			isa = XCBuildConfiguration;
			buildSettings = {
				ASSETCATALOG_COMPILER_GLOBAL_ACCENT_COLOR_NAME = AccentColor;
				ASSETCATALOG_COMPILER_WIDGET_BACKGROUND_COLOR_NAME = WidgetBackground;
				CODE_SIGN_STYLE = Automatic;
				CURRENT_PROJECT_VERSION = 3;
				DEVELOPMENT_TEAM = T6MXF72738;
				GENERATE_INFOPLIST_FILE = YES;
				INFOPLIST_FILE = Complication/Info.plist;
				INFOPLIST_KEY_CFBundleDisplayName = Complication;
				INFOPLIST_KEY_NSHumanReadableCopyright = "";
				LD_RUNPATH_SEARCH_PATHS = (
					"$(inherited)",
					"@executable_path/Frameworks",
					"@executable_path/../../Frameworks",
					"@executable_path/../../../../Frameworks",
				);
				MARKETING_VERSION = 1.0;
				PRODUCT_BUNDLE_IDENTIFIER = "com.RyanDF.Magic-Tap.watchkitapp.Comp";
				PRODUCT_NAME = "$(TARGET_NAME)";
				SDKROOT = watchos;
				SKIP_INSTALL = YES;
				SWIFT_EMIT_LOC_STRINGS = YES;
				SWIFT_VERSION = 5.0;
				TARGETED_DEVICE_FAMILY = 4;
				WATCHOS_DEPLOYMENT_TARGET = 11.0;
			};
			name = Debug;
		};
		943BC03A2CEA876A00F040A6 /* Release */ = {
			isa = XCBuildConfiguration;
			buildSettings = {
				ASSETCATALOG_COMPILER_GLOBAL_ACCENT_COLOR_NAME = AccentColor;
				ASSETCATALOG_COMPILER_WIDGET_BACKGROUND_COLOR_NAME = WidgetBackground;
				CODE_SIGN_STYLE = Automatic;
				CURRENT_PROJECT_VERSION = 3;
				DEVELOPMENT_TEAM = T6MXF72738;
				GENERATE_INFOPLIST_FILE = YES;
				INFOPLIST_FILE = Complication/Info.plist;
				INFOPLIST_KEY_CFBundleDisplayName = Complication;
				INFOPLIST_KEY_NSHumanReadableCopyright = "";
				LD_RUNPATH_SEARCH_PATHS = (
					"$(inherited)",
					"@executable_path/Frameworks",
					"@executable_path/../../Frameworks",
					"@executable_path/../../../../Frameworks",
				);
				MARKETING_VERSION = 1.0;
				PRODUCT_BUNDLE_IDENTIFIER = "com.RyanDF.Magic-Tap.watchkitapp.Comp";
				PRODUCT_NAME = "$(TARGET_NAME)";
				SDKROOT = watchos;
				SKIP_INSTALL = YES;
				SWIFT_EMIT_LOC_STRINGS = YES;
				SWIFT_VERSION = 5.0;
				TARGETED_DEVICE_FAMILY = 4;
				VALIDATE_PRODUCT = YES;
				WATCHOS_DEPLOYMENT_TARGET = 11.0;
			};
			name = Release;
		};
		94AA2C8A2CE8FD3000B0549C /* Debug */ = {
			isa = XCBuildConfiguration;
			buildSettings = {
				ALWAYS_SEARCH_USER_PATHS = NO;
				ASSETCATALOG_COMPILER_GENERATE_SWIFT_ASSET_SYMBOL_EXTENSIONS = YES;
				CLANG_ANALYZER_NONNULL = YES;
				CLANG_ANALYZER_NUMBER_OBJECT_CONVERSION = YES_AGGRESSIVE;
				CLANG_CXX_LANGUAGE_STANDARD = "gnu++20";
				CLANG_ENABLE_MODULES = YES;
				CLANG_ENABLE_OBJC_ARC = YES;
				CLANG_ENABLE_OBJC_WEAK = YES;
				CLANG_WARN_BLOCK_CAPTURE_AUTORELEASING = YES;
				CLANG_WARN_BOOL_CONVERSION = YES;
				CLANG_WARN_COMMA = YES;
				CLANG_WARN_CONSTANT_CONVERSION = YES;
				CLANG_WARN_DEPRECATED_OBJC_IMPLEMENTATIONS = YES;
				CLANG_WARN_DIRECT_OBJC_ISA_USAGE = YES_ERROR;
				CLANG_WARN_DOCUMENTATION_COMMENTS = YES;
				CLANG_WARN_EMPTY_BODY = YES;
				CLANG_WARN_ENUM_CONVERSION = YES;
				CLANG_WARN_INFINITE_RECURSION = YES;
				CLANG_WARN_INT_CONVERSION = YES;
				CLANG_WARN_NON_LITERAL_NULL_CONVERSION = YES;
				CLANG_WARN_OBJC_IMPLICIT_RETAIN_SELF = YES;
				CLANG_WARN_OBJC_LITERAL_CONVERSION = YES;
				CLANG_WARN_OBJC_ROOT_CLASS = YES_ERROR;
				CLANG_WARN_QUOTED_INCLUDE_IN_FRAMEWORK_HEADER = YES;
				CLANG_WARN_RANGE_LOOP_ANALYSIS = YES;
				CLANG_WARN_STRICT_PROTOTYPES = YES;
				CLANG_WARN_SUSPICIOUS_MOVE = YES;
				CLANG_WARN_UNGUARDED_AVAILABILITY = YES_AGGRESSIVE;
				CLANG_WARN_UNREACHABLE_CODE = YES;
				CLANG_WARN__DUPLICATE_METHOD_MATCH = YES;
				COPY_PHASE_STRIP = NO;
				DEBUG_INFORMATION_FORMAT = dwarf;
				ENABLE_STRICT_OBJC_MSGSEND = YES;
				ENABLE_TESTABILITY = YES;
				ENABLE_USER_SCRIPT_SANDBOXING = YES;
				GCC_C_LANGUAGE_STANDARD = gnu17;
				GCC_DYNAMIC_NO_PIC = NO;
				GCC_NO_COMMON_BLOCKS = YES;
				GCC_OPTIMIZATION_LEVEL = 0;
				GCC_PREPROCESSOR_DEFINITIONS = (
					"DEBUG=1",
					"$(inherited)",
				);
				GCC_WARN_64_TO_32_BIT_CONVERSION = YES;
				GCC_WARN_ABOUT_RETURN_TYPE = YES_ERROR;
				GCC_WARN_UNDECLARED_SELECTOR = YES;
				GCC_WARN_UNINITIALIZED_AUTOS = YES_AGGRESSIVE;
				GCC_WARN_UNUSED_FUNCTION = YES;
				GCC_WARN_UNUSED_VARIABLE = YES;
				LOCALIZATION_PREFERS_STRING_CATALOGS = YES;
				MTL_ENABLE_DEBUG_INFO = INCLUDE_SOURCE;
				MTL_FAST_MATH = YES;
				ONLY_ACTIVE_ARCH = YES;
				SWIFT_ACTIVE_COMPILATION_CONDITIONS = "DEBUG $(inherited)";
				SWIFT_OPTIMIZATION_LEVEL = "-Onone";
			};
			name = Debug;
		};
		94AA2C8B2CE8FD3000B0549C /* Release */ = {
			isa = XCBuildConfiguration;
			buildSettings = {
				ALWAYS_SEARCH_USER_PATHS = NO;
				ASSETCATALOG_COMPILER_GENERATE_SWIFT_ASSET_SYMBOL_EXTENSIONS = YES;
				CLANG_ANALYZER_NONNULL = YES;
				CLANG_ANALYZER_NUMBER_OBJECT_CONVERSION = YES_AGGRESSIVE;
				CLANG_CXX_LANGUAGE_STANDARD = "gnu++20";
				CLANG_ENABLE_MODULES = YES;
				CLANG_ENABLE_OBJC_ARC = YES;
				CLANG_ENABLE_OBJC_WEAK = YES;
				CLANG_WARN_BLOCK_CAPTURE_AUTORELEASING = YES;
				CLANG_WARN_BOOL_CONVERSION = YES;
				CLANG_WARN_COMMA = YES;
				CLANG_WARN_CONSTANT_CONVERSION = YES;
				CLANG_WARN_DEPRECATED_OBJC_IMPLEMENTATIONS = YES;
				CLANG_WARN_DIRECT_OBJC_ISA_USAGE = YES_ERROR;
				CLANG_WARN_DOCUMENTATION_COMMENTS = YES;
				CLANG_WARN_EMPTY_BODY = YES;
				CLANG_WARN_ENUM_CONVERSION = YES;
				CLANG_WARN_INFINITE_RECURSION = YES;
				CLANG_WARN_INT_CONVERSION = YES;
				CLANG_WARN_NON_LITERAL_NULL_CONVERSION = YES;
				CLANG_WARN_OBJC_IMPLICIT_RETAIN_SELF = YES;
				CLANG_WARN_OBJC_LITERAL_CONVERSION = YES;
				CLANG_WARN_OBJC_ROOT_CLASS = YES_ERROR;
				CLANG_WARN_QUOTED_INCLUDE_IN_FRAMEWORK_HEADER = YES;
				CLANG_WARN_RANGE_LOOP_ANALYSIS = YES;
				CLANG_WARN_STRICT_PROTOTYPES = YES;
				CLANG_WARN_SUSPICIOUS_MOVE = YES;
				CLANG_WARN_UNGUARDED_AVAILABILITY = YES_AGGRESSIVE;
				CLANG_WARN_UNREACHABLE_CODE = YES;
				CLANG_WARN__DUPLICATE_METHOD_MATCH = YES;
				COPY_PHASE_STRIP = NO;
				DEBUG_INFORMATION_FORMAT = "dwarf-with-dsym";
				ENABLE_NS_ASSERTIONS = NO;
				ENABLE_STRICT_OBJC_MSGSEND = YES;
				ENABLE_USER_SCRIPT_SANDBOXING = YES;
				GCC_C_LANGUAGE_STANDARD = gnu17;
				GCC_NO_COMMON_BLOCKS = YES;
				GCC_WARN_64_TO_32_BIT_CONVERSION = YES;
				GCC_WARN_ABOUT_RETURN_TYPE = YES_ERROR;
				GCC_WARN_UNDECLARED_SELECTOR = YES;
				GCC_WARN_UNINITIALIZED_AUTOS = YES_AGGRESSIVE;
				GCC_WARN_UNUSED_FUNCTION = YES;
				GCC_WARN_UNUSED_VARIABLE = YES;
				LOCALIZATION_PREFERS_STRING_CATALOGS = YES;
				MTL_ENABLE_DEBUG_INFO = NO;
				MTL_FAST_MATH = YES;
				SWIFT_COMPILATION_MODE = wholemodule;
			};
			name = Release;
		};
		94AA2C8D2CE8FD3000B0549C /* Debug */ = {
			isa = XCBuildConfiguration;
			buildSettings = {
				ASSETCATALOG_COMPILER_APPICON_NAME = AppIcon;
				ASSETCATALOG_COMPILER_GLOBAL_ACCENT_COLOR_NAME = AccentColor;
				CODE_SIGN_STYLE = Automatic;
				CURRENT_PROJECT_VERSION = 3;
				DEVELOPMENT_TEAM = T6MXF72738;
				ENABLE_PREVIEWS = YES;
				GENERATE_INFOPLIST_FILE = YES;
				INFOPLIST_KEY_CFBundleDisplayName = "Magic Tap";
				INFOPLIST_KEY_NSAppleMusicUsageDescription = "The app can control media playback";
				INFOPLIST_KEY_UISupportedInterfaceOrientations = "UIInterfaceOrientationPortrait UIInterfaceOrientationPortraitUpsideDown";
				INFOPLIST_KEY_WKCompanionAppBundleIdentifier = "com.RyanDF.Magic-Tap";
				LD_RUNPATH_SEARCH_PATHS = (
					"$(inherited)",
					"@executable_path/Frameworks",
				);
				MARKETING_VERSION = 1.0;
				PRODUCT_BUNDLE_IDENTIFIER = "com.RyanDF.Magic-Tap.watchkitapp";
				PRODUCT_NAME = "$(TARGET_NAME)";
				SDKROOT = watchos;
				SKIP_INSTALL = YES;
				SWIFT_EMIT_LOC_STRINGS = YES;
				SWIFT_VERSION = 5.0;
				TARGETED_DEVICE_FAMILY = 4;
				WATCHOS_DEPLOYMENT_TARGET = 11.0;
			};
			name = Debug;
		};
		94AA2C8E2CE8FD3000B0549C /* Release */ = {
			isa = XCBuildConfiguration;
			buildSettings = {
				ASSETCATALOG_COMPILER_APPICON_NAME = AppIcon;
				ASSETCATALOG_COMPILER_GLOBAL_ACCENT_COLOR_NAME = AccentColor;
				CODE_SIGN_STYLE = Automatic;
				CURRENT_PROJECT_VERSION = 3;
				DEVELOPMENT_TEAM = T6MXF72738;
				ENABLE_PREVIEWS = YES;
				GENERATE_INFOPLIST_FILE = YES;
				INFOPLIST_KEY_CFBundleDisplayName = "Magic Tap";
				INFOPLIST_KEY_NSAppleMusicUsageDescription = "The app can control media playback";
				INFOPLIST_KEY_UISupportedInterfaceOrientations = "UIInterfaceOrientationPortrait UIInterfaceOrientationPortraitUpsideDown";
				INFOPLIST_KEY_WKCompanionAppBundleIdentifier = "com.RyanDF.Magic-Tap";
				LD_RUNPATH_SEARCH_PATHS = (
					"$(inherited)",
					"@executable_path/Frameworks",
				);
				MARKETING_VERSION = 1.0;
				PRODUCT_BUNDLE_IDENTIFIER = "com.RyanDF.Magic-Tap.watchkitapp";
				PRODUCT_NAME = "$(TARGET_NAME)";
				SDKROOT = watchos;
				SKIP_INSTALL = YES;
				SWIFT_EMIT_LOC_STRINGS = YES;
				SWIFT_VERSION = 5.0;
				TARGETED_DEVICE_FAMILY = 4;
				VALIDATE_PRODUCT = YES;
				WATCHOS_DEPLOYMENT_TARGET = 11.0;
			};
			name = Release;
		};
		94AA2C912CE8FD3000B0549C /* Debug */ = {
			isa = XCBuildConfiguration;
			buildSettings = {
				ASSETCATALOG_COMPILER_APPICON_NAME = AppIcon;
				ASSETCATALOG_COMPILER_GLOBAL_ACCENT_COLOR_NAME = AccentColor;
				CODE_SIGN_STYLE = Automatic;
				CURRENT_PROJECT_VERSION = 3;
				DEVELOPMENT_TEAM = T6MXF72738;
				ENABLE_PREVIEWS = YES;
				GENERATE_INFOPLIST_FILE = YES;
				INFOPLIST_KEY_CFBundleDisplayName = "Magic Tap";
				INFOPLIST_KEY_NSAppleMusicUsageDescription = "The app can control media playback";
				INFOPLIST_KEY_UIApplicationSceneManifest_Generation = YES;
				INFOPLIST_KEY_UIApplicationSupportsIndirectInputEvents = YES;
				INFOPLIST_KEY_UILaunchScreen_Generation = YES;
				INFOPLIST_KEY_UISupportedInterfaceOrientations_iPad = "UIInterfaceOrientationPortrait UIInterfaceOrientationPortraitUpsideDown UIInterfaceOrientationLandscapeLeft UIInterfaceOrientationLandscapeRight";
				INFOPLIST_KEY_UISupportedInterfaceOrientations_iPhone = "UIInterfaceOrientationPortrait UIInterfaceOrientationLandscapeLeft UIInterfaceOrientationLandscapeRight";
				IPHONEOS_DEPLOYMENT_TARGET = 17.6;
				LD_RUNPATH_SEARCH_PATHS = (
					"$(inherited)",
					"@executable_path/Frameworks",
				);
				MARKETING_VERSION = 1.0;
				PRODUCT_BUNDLE_IDENTIFIER = "com.RyanDF.Magic-Tap";
				PRODUCT_NAME = "$(TARGET_NAME)";
				SDKROOT = iphoneos;
				SUPPORTED_PLATFORMS = "iphoneos iphonesimulator";
				SUPPORTS_MACCATALYST = NO;
				SUPPORTS_MAC_DESIGNED_FOR_IPHONE_IPAD = NO;
				SWIFT_EMIT_LOC_STRINGS = YES;
				SWIFT_VERSION = 5.0;
				TARGETED_DEVICE_FAMILY = 1;
			};
			name = Debug;
		};
		94AA2C922CE8FD3000B0549C /* Release */ = {
			isa = XCBuildConfiguration;
			buildSettings = {
				ASSETCATALOG_COMPILER_APPICON_NAME = AppIcon;
				ASSETCATALOG_COMPILER_GLOBAL_ACCENT_COLOR_NAME = AccentColor;
				CODE_SIGN_STYLE = Automatic;
				CURRENT_PROJECT_VERSION = 3;
				DEVELOPMENT_TEAM = T6MXF72738;
				ENABLE_PREVIEWS = YES;
				GENERATE_INFOPLIST_FILE = YES;
				INFOPLIST_KEY_CFBundleDisplayName = "Magic Tap";
				INFOPLIST_KEY_NSAppleMusicUsageDescription = "The app can control media playback";
				INFOPLIST_KEY_UIApplicationSceneManifest_Generation = YES;
				INFOPLIST_KEY_UIApplicationSupportsIndirectInputEvents = YES;
				INFOPLIST_KEY_UILaunchScreen_Generation = YES;
				INFOPLIST_KEY_UISupportedInterfaceOrientations_iPad = "UIInterfaceOrientationPortrait UIInterfaceOrientationPortraitUpsideDown UIInterfaceOrientationLandscapeLeft UIInterfaceOrientationLandscapeRight";
				INFOPLIST_KEY_UISupportedInterfaceOrientations_iPhone = "UIInterfaceOrientationPortrait UIInterfaceOrientationLandscapeLeft UIInterfaceOrientationLandscapeRight";
				IPHONEOS_DEPLOYMENT_TARGET = 17.6;
				LD_RUNPATH_SEARCH_PATHS = (
					"$(inherited)",
					"@executable_path/Frameworks",
				);
				MARKETING_VERSION = 1.0;
				PRODUCT_BUNDLE_IDENTIFIER = "com.RyanDF.Magic-Tap";
				PRODUCT_NAME = "$(TARGET_NAME)";
				SDKROOT = iphoneos;
				SUPPORTED_PLATFORMS = "iphoneos iphonesimulator";
				SUPPORTS_MACCATALYST = NO;
				SUPPORTS_MAC_DESIGNED_FOR_IPHONE_IPAD = NO;
				SWIFT_EMIT_LOC_STRINGS = YES;
				SWIFT_VERSION = 5.0;
				TARGETED_DEVICE_FAMILY = 1;
				VALIDATE_PRODUCT = YES;
			};
			name = Release;
		};
/* End XCBuildConfiguration section */

/* Begin XCConfigurationList section */
		943BC03C2CEA876A00F040A6 /* Build configuration list for PBXNativeTarget "Complication" */ = {
			isa = XCConfigurationList;
			buildConfigurations = (
				943BC0392CEA876A00F040A6 /* Debug */,
				943BC03A2CEA876A00F040A6 /* Release */,
			);
			defaultConfigurationIsVisible = 0;
			defaultConfigurationName = Release;
		};
		94AA2C672CE8FD2D00B0549C /* Build configuration list for PBXProject "Magic Tap" */ = {
			isa = XCConfigurationList;
			buildConfigurations = (
				94AA2C8A2CE8FD3000B0549C /* Debug */,
				94AA2C8B2CE8FD3000B0549C /* Release */,
			);
			defaultConfigurationIsVisible = 0;
			defaultConfigurationName = Release;
		};
		94AA2C8C2CE8FD3000B0549C /* Build configuration list for PBXNativeTarget "Magic Tap Watch App" */ = {
			isa = XCConfigurationList;
			buildConfigurations = (
				94AA2C8D2CE8FD3000B0549C /* Debug */,
				94AA2C8E2CE8FD3000B0549C /* Release */,
			);
			defaultConfigurationIsVisible = 0;
			defaultConfigurationName = Release;
		};
		94AA2C902CE8FD3000B0549C /* Build configuration list for PBXNativeTarget "Magic Tap" */ = {
			isa = XCConfigurationList;
			buildConfigurations = (
				94AA2C912CE8FD3000B0549C /* Debug */,
				94AA2C922CE8FD3000B0549C /* Release */,
			);
			defaultConfigurationIsVisible = 0;
			defaultConfigurationName = Release;
		};
/* End XCConfigurationList section */

/* Begin XCLocalSwiftPackageReference section */
		943BC04B2CEAA64C00F040A6 /* XCLocalSwiftPackageReference "Common" */ = {
			isa = XCLocalSwiftPackageReference;
			relativePath = Common;
		};
/* End XCLocalSwiftPackageReference section */

/* Begin XCRemoteSwiftPackageReference section */
		945F77A42CE9ED4C00FD5EEF /* XCRemoteSwiftPackageReference "ControlKit" */ = {
			isa = XCRemoteSwiftPackageReference;
			repositoryURL = "https://github.com/superturboryan/ControlKit.git";
			requirement = {
				kind = upToNextMajorVersion;
				minimumVersion = 0.0.1;
			};
		};
/* End XCRemoteSwiftPackageReference section */

/* Begin XCSwiftPackageProductDependency section */
		943BC04C2CEAA64C00F040A6 /* Common */ = {
			isa = XCSwiftPackageProductDependency;
			productName = Common;
		};
		943BC04E2CEAA66F00F040A6 /* Common */ = {
			isa = XCSwiftPackageProductDependency;
			package = 943BC04B2CEAA64C00F040A6 /* XCLocalSwiftPackageReference "Common" */;
			productName = Common;
		};
		945F77A52CE9ED4C00FD5EEF /* Control */ = {
			isa = XCSwiftPackageProductDependency;
			package = 945F77A42CE9ED4C00FD5EEF /* XCRemoteSwiftPackageReference "ControlKit" */;
			productName = Control;
		};
		945F77A72CE9ED4C00FD5EEF /* Controllers */ = {
			isa = XCSwiftPackageProductDependency;
			package = 945F77A42CE9ED4C00FD5EEF /* XCRemoteSwiftPackageReference "ControlKit" */;
			productName = Controllers;
		};
/* End XCSwiftPackageProductDependency section */
	};
	rootObject = 94AA2C642CE8FD2D00B0549C /* Project object */;
}
